
Microsoft Visual Studio Solution File, Format Version 12.00
# Visual Studio Version 16
VisualStudioVersion = 16.0.30114.105
MinimumVisualStudioVersion = 10.0.40219.1
Project("{FAE04EC0-301F-11D3-BF4B-00C04F79EFBC}") = "SerialPort_bilibili", "SerialPort_bilibili.csproj", "{BD347A9A-B7F3-4572-AC57-B028E6BC9C0B}"
EndProject
Global
	GlobalSection(SolutionConfigurationPlatforms) = preSolution
		Debug|Any CPU = Debug|Any CPU
		Release|Any CPU = Release|Any CPU
	EndGlobalSection
	GlobalSection(ProjectConfigurationPlatforms) = postSolution
		{BD347A9A-B7F3-4572-AC57-B028E6BC9C0B}.Debug|Any CPU.ActiveCfg = Debug|Any CPU
		{BD347A9A-B7F3-4572-AC57-B028E6BC9C0B}.Debug|Any CPU.Build.0 = Debug|Any CPU
		{BD347A9A-B7F3-4572-AC57-B028E6BC9C0B}.Release|Any CPU.ActiveCfg = Release|Any CPU
		{BD347A9A-B7F3-4572-AC57-B028E6BC9C0B}.Release|Any CPU.Build.0 = Release|Any CPU
	EndGlobalSection
	GlobalSection(SolutionProperties) = preSolution
		HideSolutionNode = FALSE
	EndGlobalSection
	GlobalSection(ExtensibilityGlobals) = postSolution
		SolutionGuid = {8185678D-A0C5-49B9-9493-E17E1B8981AB}
	EndGlobalSection
EndGlobal
